
Microsoft Visual Studio Solution File, Format Version 11.00
# Visual C++ Express 2010
Project("{8BC9CEB8-8B4A-11D0-8D11-00A0C91BC942}") = "NetspireSDKTester", "NetspireSDKTester.vcxproj", "{2FB90339-5366-4EAF-B902-E07E97D00256}"
EndProject
Global
	GlobalSection(SolutionConfigurationPlatforms) = preSolution
		Release|Win32 = Release|Win32
	EndGlobalSection
	GlobalSection(ProjectConfigurationPlatforms) = postSolution
		{2FB90339-5366-4EAF-B902-E07E97D00256}.Release|Win32.ActiveCfg = Release|Win32
		{2FB90339-5366-4EAF-B902-E07E97D00256}.Release|Win32.Build.0 = Release|Win32
	EndGlobalSection
	GlobalSection(SolutionProperties) = preSolution
		HideSolutionNode = FALSE
	EndGlobalSection
EndGlobal
